// !$*UTF8*$!
{
	archiveVersion = 1;
	classes = {
	};
	objectVersion = 46;
	objects = {

/* Begin PBXBuildFile section */
		3FC7D36E1834A78C0058A002 /* main.cpp in Sources */ = {isa = PBXBuildFile; fileRef = 3FC7D36D1834A78C0058A002 /* main.cpp */; };
		3FC7D3701834A78C0058A002 /* cpp_stunnel.1 in CopyFiles */ = {isa = PBXBuildFile; fileRef = 3FC7D36F1834A78C0058A002 /* cpp_stunnel.1 */; };
/* End PBXBuildFile section */

/* Begin PBXCopyFilesBuildPhase section */
		3FC7D3681834A78C0058A002 /* CopyFiles */ = {
			isa = PBXCopyFilesBuildPhase;
			buildActionMask = 2147483647;
			dstPath = /usr/share/man/man1/;
			dstSubfolderSpec = 0;
			files = (
				3FC7D3701834A78C0058A002 /* cpp_stunnel.1 in CopyFiles */,
			);
			runOnlyForDeploymentPostprocessing = 1;
		};
/* End PBXCopyFilesBuildPhase section */

/* Begin PBXFileReference section */
		3FC7D36A1834A78C0058A002 /* cpp-stunnel */ = {isa = PBXFileReference; explicitFileType = "compiled.mach-o.executable"; includeInIndex = 0; path = "cpp-stunnel"; sourceTree = BUILT_PRODUCTS_DIR; };
		3FC7D36D1834A78C0058A002 /* main.cpp */ = {isa = PBXFileReference; lastKnownFileType = sourcecode.cpp.cpp; path = main.cpp; sourceTree = "<group>"; };
		3FC7D36F1834A78C0058A002 /* cpp_stunnel.1 */ = {isa = PBXFileReference; lastKnownFileType = text.man; path = cpp_stunnel.1; sourceTree = "<group>"; };
/* End PBXFileReference section */

/* Begin PBXFrameworksBuildPhase section */
		3FC7D3671834A78C0058A002 /* Frameworks */ = {
			isa = PBXFrameworksBuildPhase;
			buildActionMask = 2147483647;
			files = (
			);
			runOnlyForDeploymentPostprocessing = 0;
		};
/* End PBXFrameworksBuildPhase section */

/* Begin PBXGroup section */
		3FC7D3611834A78C0058A002 = {
			isa = PBXGroup;
			children = (
				3FC7D36C1834A78C0058A002 /* cpp-stunnel */,
				3FC7D36B1834A78C0058A002 /* Products */,
			);
			sourceTree = "<group>";
		};
		3FC7D36B1834A78C0058A002 /* Products */ = {
			isa = PBXGroup;
			children = (
				3FC7D36A1834A78C0058A002 /* cpp-stunnel */,
			);
			name = Products;
			sourceTree = "<group>";
		};
		3FC7D36C1834A78C0058A002 /* cpp-stunnel */ = {
			isa = PBXGroup;
			children = (
				3FC7D36D1834A78C0058A002 /* main.cpp */,
				3FC7D36F1834A78C0058A002 /* cpp_stunnel.1 */,
			);
			path = "cpp-stunnel";
			sourceTree = "<group>";
		};
/* End PBXGroup section */

/* Begin PBXNativeTarget section */
		3FC7D3691834A78C0058A002 /* cpp-stunnel */ = {
			isa = PBXNativeTarget;
			buildConfigurationList = 3FC7D3731834A78C0058A002 /* Build configuration list for PBXNativeTarget "cpp-stunnel" */;
			buildPhases = (
				3FC7D3661834A78C0058A002 /* Sources */,
				3FC7D3671834A78C0058A002 /* Frameworks */,
				3FC7D3681834A78C0058A002 /* CopyFiles */,
			);
			buildRules = (
			);
			dependencies = (
			);
			name = "cpp-stunnel";
			productName = "cpp-stunnel";
			productReference = 3FC7D36A1834A78C0058A002 /* cpp-stunnel */;
			productType = "com.apple.product-type.tool";
		};
/* End PBXNativeTarget section */

/* Begin PBXProject section */
		3FC7D3621834A78C0058A002 /* Project object */ = {
			isa = PBXProject;
			attributes = {
				LastUpgradeCheck = 0500;
				ORGANIZATIONNAME = "Jeremy Xu";
			};
			buildConfigurationList = 3FC7D3651834A78C0058A002 /* Build configuration list for PBXProject "cpp-stunnel" */;
			compatibilityVersion = "Xcode 3.2";
			developmentRegion = English;
			hasScannedForEncodings = 0;
			knownRegions = (
				en,
			);
			mainGroup = 3FC7D3611834A78C0058A002;
			productRefGroup = 3FC7D36B1834A78C0058A002 /* Products */;
			projectDirPath = "";
			projectRoot = "";
			targets = (
				3FC7D3691834A78C0058A002 /* cpp-stunnel */,
			);
		};
/* End PBXProject section */

/* Begin PBXSourcesBuildPhase section */
		3FC7D3661834A78C0058A002 /* Sources */ = {
			isa = PBXSourcesBuildPhase;
			buildActionMask = 2147483647;
			files = (
				3FC7D36E1834A78C0058A002 /* main.cpp in Sources */,
			);
			runOnlyForDeploymentPostprocessing = 0;
		};
/* End PBXSourcesBuildPhase section */

/* Begin XCBuildConfiguration section */
		3FC7D3711834A78C0058A002 /* Debug */ = {
			isa = XCBuildConfiguration;
			buildSettings = {
				ALWAYS_SEARCH_USER_PATHS = NO;
				CLANG_CXX_LANGUAGE_STANDARD = "gnu++0x";
				CLANG_CXX_LIBRARY = "libc++";
				CLANG_ENABLE_OBJC_ARC = YES;
				CLANG_WARN_BOOL_CONVERSION = YES;
				CLANG_WARN_CONSTANT_CONVERSION = YES;
				CLANG_WARN_DIRECT_OBJC_ISA_USAGE = YES_ERROR;
				CLANG_WARN_EMPTY_BODY = YES;
				CLANG_WARN_ENUM_CONVERSION = YES;
				CLANG_WARN_INT_CONVERSION = YES;
				CLANG_WARN_OBJC_ROOT_CLASS = YES_ERROR;
				CLANG_WARN__DUPLICATE_METHOD_MATCH = YES;
				COPY_PHASE_STRIP = NO;
				GCC_C_LANGUAGE_STANDARD = gnu99;
				GCC_DYNAMIC_NO_PIC = NO;
				GCC_ENABLE_OBJC_EXCEPTIONS = YES;
				GCC_OPTIMIZATION_LEVEL = 0;
				GCC_PREPROCESSOR_DEFINITIONS = (
					"DEBUG=1",
					"$(inherited)",
				);
				GCC_SYMBOLS_PRIVATE_EXTERN = NO;
				GCC_WARN_64_TO_32_BIT_CONVERSION = YES;
				GCC_WARN_ABOUT_RETURN_TYPE = YES_ERROR;
				GCC_WARN_UNDECLARED_SELECTOR = YES;
				GCC_WARN_UNINITIALIZED_AUTOS = YES;
				GCC_WARN_UNUSED_FUNCTION = YES;
				GCC_WARN_UNUSED_VARIABLE = YES;
				MACOSX_DEPLOYMENT_TARGET = 10.9;
				ONLY_ACTIVE_ARCH = YES;
				SDKROOT = macosx;
			};
			name = Debug;
		};
		3FC7D3721834A78C0058A002 /* Release */ = {
			isa = XCBuildConfiguration;
			buildSettings = {
				ALWAYS_SEARCH_USER_PATHS = NO;
				CLANG_CXX_LANGUAGE_STANDARD = "gnu++0x";
				CLANG_CXX_LIBRARY = "libc++";
				CLANG_ENABLE_OBJC_ARC = YES;
				CLANG_WARN_BOOL_CONVERSION = YES;
				CLANG_WARN_CONSTANT_CONVERSION = YES;
				CLANG_WARN_DIRECT_OBJC_ISA_USAGE = YES_ERROR;
				CLANG_WARN_EMPTY_BODY = YES;
				CLANG_WARN_ENUM_CONVERSION = YES;
				CLANG_WARN_INT_CONVERSION = YES;
				CLANG_WARN_OBJC_ROOT_CLASS = YES_ERROR;
				CLANG_WARN__DUPLICATE_METHOD_MATCH = YES;
				COPY_PHASE_STRIP = YES;
				DEBUG_INFORMATION_FORMAT = "dwarf-with-dsym";
				ENABLE_NS_ASSERTIONS = NO;
				GCC_C_LANGUAGE_STANDARD = gnu99;
				GCC_ENABLE_OBJC_EXCEPTIONS = YES;
				GCC_WARN_64_TO_32_BIT_CONVERSION = YES;
				GCC_WARN_ABOUT_RETURN_TYPE = YES_ERROR;
				GCC_WARN_UNDECLARED_SELECTOR = YES;
				GCC_WARN_UNINITIALIZED_AUTOS = YES;
				GCC_WARN_UNUSED_FUNCTION = YES;
				GCC_WARN_UNUSED_VARIABLE = YES;
				MACOSX_DEPLOYMENT_TARGET = 10.9;
				SDKROOT = macosx;
			};
			name = Release;
		};
		3FC7D3741834A78C0058A002 /* Debug */ = {
			isa = XCBuildConfiguration;
			buildSettings = {
				PRODUCT_NAME = "$(TARGET_NAME)";
			};
			name = Debug;
		};
		3FC7D3751834A78C0058A002 /* Release */ = {
			isa = XCBuildConfiguration;
			buildSettings = {
				PRODUCT_NAME = "$(TARGET_NAME)";
			};
			name = Release;
		};
/* End XCBuildConfiguration section */

/* Begin XCConfigurationList section */
		3FC7D3651834A78C0058A002 /* Build configuration list for PBXProject "cpp-stunnel" */ = {
			isa = XCConfigurationList;
			buildConfigurations = (
				3FC7D3711834A78C0058A002 /* Debug */,
				3FC7D3721834A78C0058A002 /* Release */,
			);
			defaultConfigurationIsVisible = 0;
			defaultConfigurationName = Release;
		};
		3FC7D3731834A78C0058A002 /* Build configuration list for PBXNativeTarget "cpp-stunnel" */ = {
			isa = XCConfigurationList;
			buildConfigurations = (
				3FC7D3741834A78C0058A002 /* Debug */,
				3FC7D3751834A78C0058A002 /* Release */,
			);
			defaultConfigurationIsVisible = 0;
		};
/* End XCConfigurationList section */
	};
	rootObject = 3FC7D3621834A78C0058A002 /* Project object */;
}
